// !$*UTF8*$!
{
	archiveVersion = 1;
	classes = {
	};
	objectVersion = 46;
	objects = {

/* Begin PBXBuildFile section */
		9B3487A11C79F1BE00E186CB /* AppDelegate.swift in Sources */ = {isa = PBXBuildFile; fileRef = 9B3487A01C79F1BE00E186CB /* AppDelegate.swift */; };
		9B3487A31C79F1BE00E186CB /* ViewController.swift in Sources */ = {isa = PBXBuildFile; fileRef = 9B3487A21C79F1BE00E186CB /* ViewController.swift */; };
		9B3487A61C79F1BE00E186CB /* Main.storyboard in Resources */ = {isa = PBXBuildFile; fileRef = 9B3487A41C79F1BE00E186CB /* Main.storyboard */; };
		9B3487A81C79F1BE00E186CB /* Images.xcassets in Resources */ = {isa = PBXBuildFile; fileRef = 9B3487A71C79F1BE00E186CB /* Images.xcassets */; };
		9B3487AB1C79F1BE00E186CB /* LaunchScreen.xib in Resources */ = {isa = PBXBuildFile; fileRef = 9B3487A91C79F1BE00E186CB /* LaunchScreen.xib */; };
		9B3487B71C79F1BE00E186CB /* SuperCoolTests.swift in Sources */ = {isa = PBXBuildFile; fileRef = 9B3487B61C79F1BE00E186CB /* SuperCoolTests.swift */; };
/* End PBXBuildFile section */

/* Begin PBXContainerItemProxy section */
		9B3487B11C79F1BE00E186CB /* PBXContainerItemProxy */ = {
			isa = PBXContainerItemProxy;
			containerPortal = 9B3487931C79F1BE00E186CB /* Project object */;
			proxyType = 1;
			remoteGlobalIDString = 9B34879A1C79F1BE00E186CB;
			remoteInfo = SuperCool;
		};
/* End PBXContainerItemProxy section */

/* Begin PBXFileReference section */
		9B34879B1C79F1BE00E186CB /* SuperCool.app */ = {isa = PBXFileReference; explicitFileType = wrapper.application; includeInIndex = 0; path = SuperCool.app; sourceTree = BUILT_PRODUCTS_DIR; };
		9B34879F1C79F1BE00E186CB /* Info.plist */ = {isa = PBXFileReference; lastKnownFileType = text.plist.xml; path = Info.plist; sourceTree = "<group>"; };
		9B3487A01C79F1BE00E186CB /* AppDelegate.swift */ = {isa = PBXFileReference; lastKnownFileType = sourcecode.swift; path = AppDelegate.swift; sourceTree = "<group>"; };
		9B3487A21C79F1BE00E186CB /* ViewController.swift */ = {isa = PBXFileReference; lastKnownFileType = sourcecode.swift; path = ViewController.swift; sourceTree = "<group>"; };
		9B3487A51C79F1BE00E186CB /* Base */ = {isa = PBXFileReference; lastKnownFileType = file.storyboard; name = Base; path = Base.lproj/Main.storyboard; sourceTree = "<group>"; };
		9B3487A71C79F1BE00E186CB /* Images.xcassets */ = {isa = PBXFileReference; lastKnownFileType = folder.assetcatalog; path = Images.xcassets; sourceTree = "<group>"; };
		9B3487AA1C79F1BE00E186CB /* Base */ = {isa = PBXFileReference; lastKnownFileType = file.xib; name = Base; path = Base.lproj/LaunchScreen.xib; sourceTree = "<group>"; };
		9B3487B01C79F1BE00E186CB /* SuperCoolTests.xctest */ = {isa = PBXFileReference; explicitFileType = wrapper.cfbundle; includeInIndex = 0; path = SuperCoolTests.xctest; sourceTree = BUILT_PRODUCTS_DIR; };
		9B3487B51C79F1BE00E186CB /* Info.plist */ = {isa = PBXFileReference; lastKnownFileType = text.plist.xml; path = Info.plist; sourceTree = "<group>"; };
		9B3487B61C79F1BE00E186CB /* SuperCoolTests.swift */ = {isa = PBXFileReference; lastKnownFileType = sourcecode.swift; path = SuperCoolTests.swift; sourceTree = "<group>"; };
/* End PBXFileReference section */

/* Begin PBXFrameworksBuildPhase section */
		9B3487981C79F1BE00E186CB /* Frameworks */ = {
			isa = PBXFrameworksBuildPhase;
			buildActionMask = 2147483647;
			files = (
			);
			runOnlyForDeploymentPostprocessing = 0;
		};
		9B3487AD1C79F1BE00E186CB /* Frameworks */ = {
			isa = PBXFrameworksBuildPhase;
			buildActionMask = 2147483647;
			files = (
			);
			runOnlyForDeploymentPostprocessing = 0;
		};
/* End PBXFrameworksBuildPhase section */

/* Begin PBXGroup section */
		9B3487921C79F1BE00E186CB = {
			isa = PBXGroup;
			children = (
				9B34879D1C79F1BE00E186CB /* SuperCool */,
				9B3487B31C79F1BE00E186CB /* SuperCoolTests */,
				9B34879C1C79F1BE00E186CB /* Products */,
			);
			sourceTree = "<group>";
		};
		9B34879C1C79F1BE00E186CB /* Products */ = {
			isa = PBXGroup;
			children = (
				9B34879B1C79F1BE00E186CB /* SuperCool.app */,
				9B3487B01C79F1BE00E186CB /* SuperCoolTests.xctest */,
			);
			name = Products;
			sourceTree = "<group>";
		};
		9B34879D1C79F1BE00E186CB /* SuperCool */ = {
			isa = PBXGroup;
			children = (
				9B3487A01C79F1BE00E186CB /* AppDelegate.swift */,
				9B3487A21C79F1BE00E186CB /* ViewController.swift */,
				9B3487A41C79F1BE00E186CB /* Main.storyboard */,
				9B3487A71C79F1BE00E186CB /* Images.xcassets */,
				9B3487A91C79F1BE00E186CB /* LaunchScreen.xib */,
				9B34879E1C79F1BE00E186CB /* Supporting Files */,
			);
			path = SuperCool;
			sourceTree = "<group>";
		};
		9B34879E1C79F1BE00E186CB /* Supporting Files */ = {
			isa = PBXGroup;
			children = (
				9B34879F1C79F1BE00E186CB /* Info.plist */,
			);
			name = "Supporting Files";
			sourceTree = "<group>";
		};
		9B3487B31C79F1BE00E186CB /* SuperCoolTests */ = {
			isa = PBXGroup;
			children = (
				9B3487B61C79F1BE00E186CB /* SuperCoolTests.swift */,
				9B3487B41C79F1BE00E186CB /* Supporting Files */,
			);
			path = SuperCoolTests;
			sourceTree = "<group>";
		};
		9B3487B41C79F1BE00E186CB /* Supporting Files */ = {
			isa = PBXGroup;
			children = (
				9B3487B51C79F1BE00E186CB /* Info.plist */,
			);
			name = "Supporting Files";
			sourceTree = "<group>";
		};
/* End PBXGroup section */

/* Begin PBXNativeTarget section */
		9B34879A1C79F1BE00E186CB /* SuperCool */ = {
			isa = PBXNativeTarget;
			buildConfigurationList = 9B3487BA1C79F1BE00E186CB /* Build configuration list for PBXNativeTarget "SuperCool" */;
			buildPhases = (
				9B3487971C79F1BE00E186CB /* Sources */,
				9B3487981C79F1BE00E186CB /* Frameworks */,
				9B3487991C79F1BE00E186CB /* Resources */,
			);
			buildRules = (
			);
			dependencies = (
			);
			name = SuperCool;
			productName = SuperCool;
			productReference = 9B34879B1C79F1BE00E186CB /* SuperCool.app */;
			productType = "com.apple.product-type.application";
		};
		9B3487AF1C79F1BE00E186CB /* SuperCoolTests */ = {
			isa = PBXNativeTarget;
			buildConfigurationList = 9B3487BD1C79F1BE00E186CB /* Build configuration list for PBXNativeTarget "SuperCoolTests" */;
			buildPhases = (
				9B3487AC1C79F1BE00E186CB /* Sources */,
				9B3487AD1C79F1BE00E186CB /* Frameworks */,
				9B3487AE1C79F1BE00E186CB /* Resources */,
			);
			buildRules = (
			);
			dependencies = (
				9B3487B21C79F1BE00E186CB /* PBXTargetDependency */,
			);
			name = SuperCoolTests;
			productName = SuperCoolTests;
			productReference = 9B3487B01C79F1BE00E186CB /* SuperCoolTests.xctest */;
			productType = "com.apple.product-type.bundle.unit-test";
		};
/* End PBXNativeTarget section */

/* Begin PBXProject section */
		9B3487931C79F1BE00E186CB /* Project object */ = {
			isa = PBXProject;
			attributes = {
				LastUpgradeCheck = 0630;
				ORGANIZATIONNAME = "Lee Blume";
				TargetAttributes = {
					9B34879A1C79F1BE00E186CB = {
						CreatedOnToolsVersion = 6.3;
					};
					9B3487AF1C79F1BE00E186CB = {
						CreatedOnToolsVersion = 6.3;
						TestTargetID = 9B34879A1C79F1BE00E186CB;
					};
				};
			};
			buildConfigurationList = 9B3487961C79F1BE00E186CB /* Build configuration list for PBXProject "SuperCool" */;
			compatibilityVersion = "Xcode 3.2";
			developmentRegion = English;
			hasScannedForEncodings = 0;
			knownRegions = (
				en,
				Base,
			);
			mainGroup = 9B3487921C79F1BE00E186CB;
			productRefGroup = 9B34879C1C79F1BE00E186CB /* Products */;
			projectDirPath = "";
			projectRoot = "";
			targets = (
				9B34879A1C79F1BE00E186CB /* SuperCool */,
				9B3487AF1C79F1BE00E186CB /* SuperCoolTests */,
			);
		};
/* End PBXProject section */

/* Begin PBXResourcesBuildPhase section */
		9B3487991C79F1BE00E186CB /* Resources */ = {
			isa = PBXResourcesBuildPhase;
			buildActionMask = 2147483647;
			files = (
				9B3487A61C79F1BE00E186CB /* Main.storyboard in Resources */,
				9B3487AB1C79F1BE00E186CB /* LaunchScreen.xib in Resources */,
				9B3487A81C79F1BE00E186CB /* Images.xcassets in Resources */,
			);
			runOnlyForDeploymentPostprocessing = 0;
		};
		9B3487AE1C79F1BE00E186CB /* Resources */ = {
			isa = PBXResourcesBuildPhase;
			buildActionMask = 2147483647;
			files = (
			);
			runOnlyForDeploymentPostprocessing = 0;
		};
/* End PBXResourcesBuildPhase section */

/* Begin PBXSourcesBuildPhase section */
		9B3487971C79F1BE00E186CB /* Sources */ = {
			isa = PBXSourcesBuildPhase;
			buildActionMask = 2147483647;
			files = (
				9B3487A31C79F1BE00E186CB /* ViewController.swift in Sources */,
				9B3487A11C79F1BE00E186CB /* AppDelegate.swift in Sources */,
			);
			runOnlyForDeploymentPostprocessing = 0;
		};
		9B3487AC1C79F1BE00E186CB /* Sources */ = {
			isa = PBXSourcesBuildPhase;
			buildActionMask = 2147483647;
			files = (
				9B3487B71C79F1BE00E186CB /* SuperCoolTests.swift in Sources */,
			);
			runOnlyForDeploymentPostprocessing = 0;
		};
/* End PBXSourcesBuildPhase section */

/* Begin PBXTargetDependency section */
		9B3487B21C79F1BE00E186CB /* PBXTargetDependency */ = {
			isa = PBXTargetDependency;
			target = 9B34879A1C79F1BE00E186CB /* SuperCool */;
			targetProxy = 9B3487B11C79F1BE00E186CB /* PBXContainerItemProxy */;
		};
/* End PBXTargetDependency section */

/* Begin PBXVariantGroup section */
		9B3487A41C79F1BE00E186CB /* Main.storyboard */ = {
			isa = PBXVariantGroup;
			children = (
				9B3487A51C79F1BE00E186CB /* Base */,
			);
			name = Main.storyboard;
			sourceTree = "<group>";
		};
		9B3487A91C79F1BE00E186CB /* LaunchScreen.xib */ = {
			isa = PBXVariantGroup;
			children = (
				9B3487AA1C79F1BE00E186CB /* Base */,
			);
			name = LaunchScreen.xib;
			sourceTree = "<group>";
		};
/* End PBXVariantGroup section */

/* Begin XCBuildConfiguration section */
		9B3487B81C79F1BE00E186CB /* Debug */ = {
			isa = XCBuildConfiguration;
			buildSettings = {
				ALWAYS_SEARCH_USER_PATHS = NO;
				CLANG_CXX_LANGUAGE_STANDARD = "gnu++0x";
				CLANG_CXX_LIBRARY = "libc++";
				CLANG_ENABLE_MODULES = YES;
				CLANG_ENABLE_OBJC_ARC = YES;
				CLANG_WARN_BOOL_CONVERSION = YES;
				CLANG_WARN_CONSTANT_CONVERSION = YES;
				CLANG_WARN_DIRECT_OBJC_ISA_USAGE = YES_ERROR;
				CLANG_WARN_EMPTY_BODY = YES;
				CLANG_WARN_ENUM_CONVERSION = YES;
				CLANG_WARN_INT_CONVERSION = YES;
				CLANG_WARN_OBJC_ROOT_CLASS = YES_ERROR;
				CLANG_WARN_UNREACHABLE_CODE = YES;
				CLANG_WARN__DUPLICATE_METHOD_MATCH = YES;
				"CODE_SIGN_IDENTITY[sdk=iphoneos*]" = "iPhone Developer";
				COPY_PHASE_STRIP = NO;
				DEBUG_INFORMATION_FORMAT = "dwarf-with-dsym";
				ENABLE_STRICT_OBJC_MSGSEND = YES;
				GCC_C_LANGUAGE_STANDARD = gnu99;
				GCC_DYNAMIC_NO_PIC = NO;
				GCC_NO_COMMON_BLOCKS = YES;
				GCC_OPTIMIZATION_LEVEL = 0;
				GCC_PREPROCESSOR_DEFINITIONS = (
					"DEBUG=1",
					"$(inherited)",
				);
				GCC_SYMBOLS_PRIVATE_EXTERN = NO;
				GCC_WARN_64_TO_32_BIT_CONVERSION = YES;
				GCC_WARN_ABOUT_RETURN_TYPE = YES_ERROR;
				GCC_WARN_UNDECLARED_SELECTOR = YES;
				GCC_WARN_UNINITIALIZED_AUTOS = YES_AGGRESSIVE;
				GCC_WARN_UNUSED_FUNCTION = YES;
				GCC_WARN_UNUSED_VARIABLE = YES;
				IPHONEOS_DEPLOYMENT_TARGET = 8.3;
				MTL_ENABLE_DEBUG_INFO = YES;
				ONLY_ACTIVE_ARCH = YES;
				SDKROOT = iphoneos;
				SWIFT_OPTIMIZATION_LEVEL = "-Onone";
			};
			name = Debug;
		};
		9B3487B91C79F1BE00E186CB /* Release */ = {
			isa = XCBuildConfiguration;
			buildSettings = {
				ALWAYS_SEARCH_USER_PATHS = NO;
				CLANG_CXX_LANGUAGE_STANDARD = "gnu++0x";
				CLANG_CXX_LIBRARY = "libc++";
				CLANG_ENABLE_MODULES = YES;
				CLANG_ENABLE_OBJC_ARC = YES;
				CLANG_WARN_BOOL_CONVERSION = YES;
				CLANG_WARN_CONSTANT_CONVERSION = YES;
				CLANG_WARN_DIRECT_OBJC_ISA_USAGE = YES_ERROR;
				CLANG_WARN_EMPTY_BODY = YES;
				CLANG_WARN_ENUM_CONVERSION = YES;
				CLANG_WARN_INT_CONVERSION = YES;
				CLANG_WARN_OBJC_ROOT_CLASS = YES_ERROR;
				CLANG_WARN_UNREACHABLE_CODE = YES;
				CLANG_WARN__DUPLICATE_METHOD_MATCH = YES;
				"CODE_SIGN_IDENTITY[sdk=iphoneos*]" = "iPhone Developer";
				COPY_PHASE_STRIP = NO;
				DEBUG_INFORMATION_FORMAT = "dwarf-with-dsym";
				ENABLE_NS_ASSERTIONS = NO;
				ENABLE_STRICT_OBJC_MSGSEND = YES;
				GCC_C_LANGUAGE_STANDARD = gnu99;
				GCC_NO_COMMON_BLOCKS = YES;
				GCC_WARN_64_TO_32_BIT_CONVERSION = YES;
				GCC_WARN_ABOUT_RETURN_TYPE = YES_ERROR;
				GCC_WARN_UNDECLARED_SELECTOR = YES;
				GCC_WARN_UNINITIALIZED_AUTOS = YES_AGGRESSIVE;
				GCC_WARN_UNUSED_FUNCTION = YES;
				GCC_WARN_UNUSED_VARIABLE = YES;
				IPHONEOS_DEPLOYMENT_TARGET = 8.3;
				MTL_ENABLE_DEBUG_INFO = NO;
				SDKROOT = iphoneos;
				VALIDATE_PRODUCT = YES;
			};
			name = Release;
		};
		9B3487BB1C79F1BE00E186CB /* Debug */ = {
			isa = XCBuildConfiguration;
			buildSettings = {
				ASSETCATALOG_COMPILER_APPICON_NAME = AppIcon;
				INFOPLIST_FILE = SuperCool/Info.plist;
				LD_RUNPATH_SEARCH_PATHS = "$(inherited) @executable_path/Frameworks";
				PRODUCT_NAME = "$(TARGET_NAME)";
			};
			name = Debug;
		};
		9B3487BC1C79F1BE00E186CB /* Release */ = {
			isa = XCBuildConfiguration;
			buildSettings = {
				ASSETCATALOG_COMPILER_APPICON_NAME = AppIcon;
				INFOPLIST_FILE = SuperCool/Info.plist;
				LD_RUNPATH_SEARCH_PATHS = "$(inherited) @executable_path/Frameworks";
				PRODUCT_NAME = "$(TARGET_NAME)";
			};
			name = Release;
		};
		9B3487BE1C79F1BE00E186CB /* Debug */ = {
			isa = XCBuildConfiguration;
			buildSettings = {
				BUNDLE_LOADER = "$(TEST_HOST)";
				FRAMEWORK_SEARCH_PATHS = (
					"$(SDKROOT)/Developer/Library/Frameworks",
					"$(inherited)",
				);
				GCC_PREPROCESSOR_DEFINITIONS = (
					"DEBUG=1",
					"$(inherited)",
				);
				INFOPLIST_FILE = SuperCoolTests/Info.plist;
				LD_RUNPATH_SEARCH_PATHS = "$(inherited) @executable_path/Frameworks @loader_path/Frameworks";
				PRODUCT_NAME = "$(TARGET_NAME)";
				TEST_HOST = "$(BUILT_PRODUCTS_DIR)/SuperCool.app/SuperCool";
			};
			name = Debug;
		};
		9B3487BF1C79F1BE00E186CB /* Release */ = {
			isa = XCBuildConfiguration;
			buildSettings = {
				BUNDLE_LOADER = "$(TEST_HOST)";
				FRAMEWORK_SEARCH_PATHS = (
					"$(SDKROOT)/Developer/Library/Frameworks",
					"$(inherited)",
				);
				INFOPLIST_FILE = SuperCoolTests/Info.plist;
				LD_RUNPATH_SEARCH_PATHS = "$(inherited) @executable_path/Frameworks @loader_path/Frameworks";
				PRODUCT_NAME = "$(TARGET_NAME)";
				TEST_HOST = "$(BUILT_PRODUCTS_DIR)/SuperCool.app/SuperCool";
			};
			name = Release;
		};
/* End XCBuildConfiguration section */

/* Begin XCConfigurationList section */
		9B3487961C79F1BE00E186CB /* Build configuration list for PBXProject "SuperCool" */ = {
			isa = XCConfigurationList;
			buildConfigurations = (
				9B3487B81C79F1BE00E186CB /* Debug */,
				9B3487B91C79F1BE00E186CB /* Release */,
			);
			defaultConfigurationIsVisible = 0;
			defaultConfigurationName = Release;
		};
		9B3487BA1C79F1BE00E186CB /* Build configuration list for PBXNativeTarget "SuperCool" */ = {
			isa = XCConfigurationList;
			buildConfigurations = (
				9B3487BB1C79F1BE00E186CB /* Debug */,
				9B3487BC1C79F1BE00E186CB /* Release */,
			);
			defaultConfigurationIsVisible = 0;
		};
		9B3487BD1C79F1BE00E186CB /* Build configuration list for PBXNativeTarget "SuperCoolTests" */ = {
			isa = XCConfigurationList;
			buildConfigurations = (
				9B3487BE1C79F1BE00E186CB /* Debug */,
				9B3487BF1C79F1BE00E186CB /* Release */,
			);
			defaultConfigurationIsVisible = 0;
		};
/* End XCConfigurationList section */
	};
	rootObject = 9B3487931C79F1BE00E186CB /* Project object */;
}
